// !$*UTF8*$!
{
	archiveVersion = 1;
	classes = {
	};
	objectVersion = 46;
	objects = {

/* Begin PBXBuildFile section */
		04DDEDB21DD0720600B8117D /* main.m in Sources */ = {isa = PBXBuildFile; fileRef = 04DDEDB11DD0720600B8117D /* main.m */; };
		04DDEDB51DD0720600B8117D /* AppDelegate.m in Sources */ = {isa = PBXBuildFile; fileRef = 04DDEDB41DD0720600B8117D /* AppDelegate.m */; };
		04DDEDB81DD0720600B8117D /* ViewController.m in Sources */ = {isa = PBXBuildFile; fileRef = 04DDEDB71DD0720600B8117D /* ViewController.m */; };
		04DDEDBB1DD0720600B8117D /* Main.storyboard in Resources */ = {isa = PBXBuildFile; fileRef = 04DDEDB91DD0720600B8117D /* Main.storyboard */; };
		04DDEDBD1DD0720600B8117D /* Assets.xcassets in Resources */ = {isa = PBXBuildFile; fileRef = 04DDEDBC1DD0720600B8117D /* Assets.xcassets */; };
		04DDEDC01DD0720600B8117D /* LaunchScreen.storyboard in Resources */ = {isa = PBXBuildFile; fileRef = 04DDEDBE1DD0720600B8117D /* LaunchScreen.storyboard */; };
		04DDEDCB1DD0720600B8117D /* CFPrizeDemoUITests.m in Sources */ = {isa = PBXBuildFile; fileRef = 04DDEDCA1DD0720600B8117D /* CFPrizeDemoUITests.m */; };
/* End PBXBuildFile section */

/* Begin PBXContainerItemProxy section */
		04DDEDC71DD0720600B8117D /* PBXContainerItemProxy */ = {
			isa = PBXContainerItemProxy;
			containerPortal = 04DDEDA51DD0720600B8117D /* Project object */;
			proxyType = 1;
			remoteGlobalIDString = 04DDEDAC1DD0720600B8117D;
			remoteInfo = CFPrizeDemo;
		};
/* End PBXContainerItemProxy section */

/* Begin PBXFileReference section */
		04DDEDAD1DD0720600B8117D /* CFPrizeDemo.app */ = {isa = PBXFileReference; explicitFileType = wrapper.application; includeInIndex = 0; path = CFPrizeDemo.app; sourceTree = BUILT_PRODUCTS_DIR; };
		04DDEDB11DD0720600B8117D /* main.m */ = {isa = PBXFileReference; lastKnownFileType = sourcecode.c.objc; path = main.m; sourceTree = "<group>"; };
		04DDEDB31DD0720600B8117D /* AppDelegate.h */ = {isa = PBXFileReference; lastKnownFileType = sourcecode.c.h; path = AppDelegate.h; sourceTree = "<group>"; };
		04DDEDB41DD0720600B8117D /* AppDelegate.m */ = {isa = PBXFileReference; lastKnownFileType = sourcecode.c.objc; path = AppDelegate.m; sourceTree = "<group>"; };
		04DDEDB61DD0720600B8117D /* ViewController.h */ = {isa = PBXFileReference; lastKnownFileType = sourcecode.c.h; path = ViewController.h; sourceTree = "<group>"; };
		04DDEDB71DD0720600B8117D /* ViewController.m */ = {isa = PBXFileReference; lastKnownFileType = sourcecode.c.objc; path = ViewController.m; sourceTree = "<group>"; };
		04DDEDBA1DD0720600B8117D /* Base */ = {isa = PBXFileReference; lastKnownFileType = file.storyboard; name = Base; path = Base.lproj/Main.storyboard; sourceTree = "<group>"; };
		04DDEDBC1DD0720600B8117D /* Assets.xcassets */ = {isa = PBXFileReference; lastKnownFileType = folder.assetcatalog; path = Assets.xcassets; sourceTree = "<group>"; };
		04DDEDBF1DD0720600B8117D /* Base */ = {isa = PBXFileReference; lastKnownFileType = file.storyboard; name = Base; path = Base.lproj/LaunchScreen.storyboard; sourceTree = "<group>"; };
		04DDEDC11DD0720600B8117D /* Info.plist */ = {isa = PBXFileReference; lastKnownFileType = text.plist.xml; path = Info.plist; sourceTree = "<group>"; };
		04DDEDC61DD0720600B8117D /* CFPrizeDemoUITests.xctest */ = {isa = PBXFileReference; explicitFileType = wrapper.cfbundle; includeInIndex = 0; path = CFPrizeDemoUITests.xctest; sourceTree = BUILT_PRODUCTS_DIR; };
		04DDEDCA1DD0720600B8117D /* CFPrizeDemoUITests.m */ = {isa = PBXFileReference; lastKnownFileType = sourcecode.c.objc; path = CFPrizeDemoUITests.m; sourceTree = "<group>"; };
		04DDEDCC1DD0720600B8117D /* Info.plist */ = {isa = PBXFileReference; lastKnownFileType = text.plist.xml; path = Info.plist; sourceTree = "<group>"; };
/* End PBXFileReference section */

/* Begin PBXFrameworksBuildPhase section */
		04DDEDAA1DD0720600B8117D /* Frameworks */ = {
			isa = PBXFrameworksBuildPhase;
			buildActionMask = 2147483647;
			files = (
			);
			runOnlyForDeploymentPostprocessing = 0;
		};
		04DDEDC31DD0720600B8117D /* Frameworks */ = {
			isa = PBXFrameworksBuildPhase;
			buildActionMask = 2147483647;
			files = (
			);
			runOnlyForDeploymentPostprocessing = 0;
		};
/* End PBXFrameworksBuildPhase section */

/* Begin PBXGroup section */
		04DDEDA41DD0720600B8117D = {
			isa = PBXGroup;
			children = (
				04DDEDAF1DD0720600B8117D /* CFPrizeDemo */,
				04DDEDC91DD0720600B8117D /* CFPrizeDemoUITests */,
				04DDEDAE1DD0720600B8117D /* Products */,
			);
			sourceTree = "<group>";
		};
		04DDEDAE1DD0720600B8117D /* Products */ = {
			isa = PBXGroup;
			children = (
				04DDEDAD1DD0720600B8117D /* CFPrizeDemo.app */,
				04DDEDC61DD0720600B8117D /* CFPrizeDemoUITests.xctest */,
			);
			name = Products;
			sourceTree = "<group>";
		};
		04DDEDAF1DD0720600B8117D /* CFPrizeDemo */ = {
			isa = PBXGroup;
			children = (
				04DDEDB31DD0720600B8117D /* AppDelegate.h */,
				04DDEDB41DD0720600B8117D /* AppDelegate.m */,
				04DDEDB61DD0720600B8117D /* ViewController.h */,
				04DDEDB71DD0720600B8117D /* ViewController.m */,
				04DDEDB91DD0720600B8117D /* Main.storyboard */,
				04DDEDBC1DD0720600B8117D /* Assets.xcassets */,
				04DDEDBE1DD0720600B8117D /* LaunchScreen.storyboard */,
				04DDEDC11DD0720600B8117D /* Info.plist */,
				04DDEDB01DD0720600B8117D /* Supporting Files */,
			);
			path = CFPrizeDemo;
			sourceTree = "<group>";
		};
		04DDEDB01DD0720600B8117D /* Supporting Files */ = {
			isa = PBXGroup;
			children = (
				04DDEDB11DD0720600B8117D /* main.m */,
			);
			name = "Supporting Files";
			sourceTree = "<group>";
		};
		04DDEDC91DD0720600B8117D /* CFPrizeDemoUITests */ = {
			isa = PBXGroup;
			children = (
				04DDEDCA1DD0720600B8117D /* CFPrizeDemoUITests.m */,
				04DDEDCC1DD0720600B8117D /* Info.plist */,
			);
			path = CFPrizeDemoUITests;
			sourceTree = "<group>";
		};
/* End PBXGroup section */

/* Begin PBXNativeTarget section */
		04DDEDAC1DD0720600B8117D /* CFPrizeDemo */ = {
			isa = PBXNativeTarget;
			buildConfigurationList = 04DDEDCF1DD0720600B8117D /* Build configuration list for PBXNativeTarget "CFPrizeDemo" */;
			buildPhases = (
				04DDEDA91DD0720600B8117D /* Sources */,
				04DDEDAA1DD0720600B8117D /* Frameworks */,
				04DDEDAB1DD0720600B8117D /* Resources */,
			);
			buildRules = (
			);
			dependencies = (
			);
			name = CFPrizeDemo;
			productName = CFPrizeDemo;
			productReference = 04DDEDAD1DD0720600B8117D /* CFPrizeDemo.app */;
			productType = "com.apple.product-type.application";
		};
		04DDEDC51DD0720600B8117D /* CFPrizeDemoUITests */ = {
			isa = PBXNativeTarget;
			buildConfigurationList = 04DDEDD21DD0720600B8117D /* Build configuration list for PBXNativeTarget "CFPrizeDemoUITests" */;
			buildPhases = (
				04DDEDC21DD0720600B8117D /* Sources */,
				04DDEDC31DD0720600B8117D /* Frameworks */,
				04DDEDC41DD0720600B8117D /* Resources */,
			);
			buildRules = (
			);
			dependencies = (
				04DDEDC81DD0720600B8117D /* PBXTargetDependency */,
			);
			name = CFPrizeDemoUITests;
			productName = CFPrizeDemoUITests;
			productReference = 04DDEDC61DD0720600B8117D /* CFPrizeDemoUITests.xctest */;
			productType = "com.apple.product-type.bundle.ui-testing";
		};
/* End PBXNativeTarget section */

/* Begin PBXProject section */
		04DDEDA51DD0720600B8117D /* Project object */ = {
			isa = PBXProject;
			attributes = {
				LastUpgradeCheck = 0810;
				ORGANIZATIONNAME = CityFire;
				TargetAttributes = {
					04DDEDAC1DD0720600B8117D = {
						CreatedOnToolsVersion = 8.1;
						ProvisioningStyle = Automatic;
					};
					04DDEDC51DD0720600B8117D = {
						CreatedOnToolsVersion = 8.1;
						ProvisioningStyle = Automatic;
						TestTargetID = 04DDEDAC1DD0720600B8117D;
					};
				};
			};
			buildConfigurationList = 04DDEDA81DD0720600B8117D /* Build configuration list for PBXProject "CFPrizeDemo" */;
			compatibilityVersion = "Xcode 3.2";
			developmentRegion = English;
			hasScannedForEncodings = 0;
			knownRegions = (
				en,
				Base,
			);
			mainGroup = 04DDEDA41DD0720600B8117D;
			productRefGroup = 04DDEDAE1DD0720600B8117D /* Products */;
			projectDirPath = "";
			projectRoot = "";
			targets = (
				04DDEDAC1DD0720600B8117D /* CFPrizeDemo */,
				04DDEDC51DD0720600B8117D /* CFPrizeDemoUITests */,
			);
		};
/* End PBXProject section */

/* Begin PBXResourcesBuildPhase section */
		04DDEDAB1DD0720600B8117D /* Resources */ = {
			isa = PBXResourcesBuildPhase;
			buildActionMask = 2147483647;
			files = (
				04DDEDC01DD0720600B8117D /* LaunchScreen.storyboard in Resources */,
				04DDEDBD1DD0720600B8117D /* Assets.xcassets in Resources */,
				04DDEDBB1DD0720600B8117D /* Main.storyboard in Resources */,
			);
			runOnlyForDeploymentPostprocessing = 0;
		};
		04DDEDC41DD0720600B8117D /* Resources */ = {
			isa = PBXResourcesBuildPhase;
			buildActionMask = 2147483647;
			files = (
			);
			runOnlyForDeploymentPostprocessing = 0;
		};
/* End PBXResourcesBuildPhase section */

/* Begin PBXSourcesBuildPhase section */
		04DDEDA91DD0720600B8117D /* Sources */ = {
			isa = PBXSourcesBuildPhase;
			buildActionMask = 2147483647;
			files = (
				04DDEDB81DD0720600B8117D /* ViewController.m in Sources */,
				04DDEDB51DD0720600B8117D /* AppDelegate.m in Sources */,
				04DDEDB21DD0720600B8117D /* main.m in Sources */,
			);
			runOnlyForDeploymentPostprocessing = 0;
		};
		04DDEDC21DD0720600B8117D /* Sources */ = {
			isa = PBXSourcesBuildPhase;
			buildActionMask = 2147483647;
			files = (
				04DDEDCB1DD0720600B8117D /* CFPrizeDemoUITests.m in Sources */,
			);
			runOnlyForDeploymentPostprocessing = 0;
		};
/* End PBXSourcesBuildPhase section */

/* Begin PBXTargetDependency section */
		04DDEDC81DD0720600B8117D /* PBXTargetDependency */ = {
			isa = PBXTargetDependency;
			target = 04DDEDAC1DD0720600B8117D /* CFPrizeDemo */;
			targetProxy = 04DDEDC71DD0720600B8117D /* PBXContainerItemProxy */;
		};
/* End PBXTargetDependency section */

/* Begin PBXVariantGroup section */
		04DDEDB91DD0720600B8117D /* Main.storyboard */ = {
			isa = PBXVariantGroup;
			children = (
				04DDEDBA1DD0720600B8117D /* Base */,
			);
			name = Main.storyboard;
			sourceTree = "<group>";
		};
		04DDEDBE1DD0720600B8117D /* LaunchScreen.storyboard */ = {
			isa = PBXVariantGroup;
			children = (
				04DDEDBF1DD0720600B8117D /* Base */,
			);
			name = LaunchScreen.storyboard;
			sourceTree = "<group>";
		};
/* End PBXVariantGroup section */

/* Begin XCBuildConfiguration section */
		04DDEDCD1DD0720600B8117D /* Debug */ = {
			isa = XCBuildConfiguration;
			buildSettings = {
				ALWAYS_SEARCH_USER_PATHS = NO;
				CLANG_ANALYZER_NONNULL = YES;
				CLANG_CXX_LANGUAGE_STANDARD = "gnu++0x";
				CLANG_CXX_LIBRARY = "libc++";
				CLANG_ENABLE_MODULES = YES;
				CLANG_ENABLE_OBJC_ARC = YES;
				CLANG_WARN_BOOL_CONVERSION = YES;
				CLANG_WARN_CONSTANT_CONVERSION = YES;
				CLANG_WARN_DIRECT_OBJC_ISA_USAGE = YES_ERROR;
				CLANG_WARN_DOCUMENTATION_COMMENTS = YES;
				CLANG_WARN_EMPTY_BODY = YES;
				CLANG_WARN_ENUM_CONVERSION = YES;
				CLANG_WARN_INFINITE_RECURSION = YES;
				CLANG_WARN_INT_CONVERSION = YES;
				CLANG_WARN_OBJC_ROOT_CLASS = YES_ERROR;
				CLANG_WARN_SUSPICIOUS_MOVES = YES;
				CLANG_WARN_UNREACHABLE_CODE = YES;
				CLANG_WARN__DUPLICATE_METHOD_MATCH = YES;
				"CODE_SIGN_IDENTITY[sdk=iphoneos*]" = "iPhone Developer";
				COPY_PHASE_STRIP = NO;
				DEBUG_INFORMATION_FORMAT = dwarf;
				ENABLE_STRICT_OBJC_MSGSEND = YES;
				ENABLE_TESTABILITY = YES;
				GCC_C_LANGUAGE_STANDARD = gnu99;
				GCC_DYNAMIC_NO_PIC = NO;
				GCC_NO_COMMON_BLOCKS = YES;
				GCC_OPTIMIZATION_LEVEL = 0;
				GCC_PREPROCESSOR_DEFINITIONS = (
					"DEBUG=1",
					"$(inherited)",
				);
				GCC_WARN_64_TO_32_BIT_CONVERSION = YES;
				GCC_WARN_ABOUT_RETURN_TYPE = YES_ERROR;
				GCC_WARN_UNDECLARED_SELECTOR = YES;
				GCC_WARN_UNINITIALIZED_AUTOS = YES_AGGRESSIVE;
				GCC_WARN_UNUSED_FUNCTION = YES;
				GCC_WARN_UNUSED_VARIABLE = YES;
				IPHONEOS_DEPLOYMENT_TARGET = 10.1;
				MTL_ENABLE_DEBUG_INFO = YES;
				ONLY_ACTIVE_ARCH = YES;
				SDKROOT = iphoneos;
				TARGETED_DEVICE_FAMILY = "1,2";
			};
			name = Debug;
		};
		04DDEDCE1DD0720600B8117D /* Release */ = {
			isa = XCBuildConfiguration;
			buildSettings = {
				ALWAYS_SEARCH_USER_PATHS = NO;
				CLANG_ANALYZER_NONNULL = YES;
				CLANG_CXX_LANGUAGE_STANDARD = "gnu++0x";
				CLANG_CXX_LIBRARY = "libc++";
				CLANG_ENABLE_MODULES = YES;
				CLANG_ENABLE_OBJC_ARC = YES;
				CLANG_WARN_BOOL_CONVERSION = YES;
				CLANG_WARN_CONSTANT_CONVERSION = YES;
				CLANG_WARN_DIRECT_OBJC_ISA_USAGE = YES_ERROR;
				CLANG_WARN_DOCUMENTATION_COMMENTS = YES;
				CLANG_WARN_EMPTY_BODY = YES;
				CLANG_WARN_ENUM_CONVERSION = YES;
				CLANG_WARN_INFINITE_RECURSION = YES;
				CLANG_WARN_INT_CONVERSION = YES;
				CLANG_WARN_OBJC_ROOT_CLASS = YES_ERROR;
				CLANG_WARN_SUSPICIOUS_MOVES = YES;
				CLANG_WARN_UNREACHABLE_CODE = YES;
				CLANG_WARN__DUPLICATE_METHOD_MATCH = YES;
				"CODE_SIGN_IDENTITY[sdk=iphoneos*]" = "iPhone Developer";
				COPY_PHASE_STRIP = NO;
				DEBUG_INFORMATION_FORMAT = "dwarf-with-dsym";
				ENABLE_NS_ASSERTIONS = NO;
				ENABLE_STRICT_OBJC_MSGSEND = YES;
				GCC_C_LANGUAGE_STANDARD = gnu99;
				GCC_NO_COMMON_BLOCKS = YES;
				GCC_WARN_64_TO_32_BIT_CONVERSION = YES;
				GCC_WARN_ABOUT_RETURN_TYPE = YES_ERROR;
				GCC_WARN_UNDECLARED_SELECTOR = YES;
				GCC_WARN_UNINITIALIZED_AUTOS = YES_AGGRESSIVE;
				GCC_WARN_UNUSED_FUNCTION = YES;
				GCC_WARN_UNUSED_VARIABLE = YES;
				IPHONEOS_DEPLOYMENT_TARGET = 10.1;
				MTL_ENABLE_DEBUG_INFO = NO;
				SDKROOT = iphoneos;
				TARGETED_DEVICE_FAMILY = "1,2";
				VALIDATE_PRODUCT = YES;
			};
			name = Release;
		};
		04DDEDD01DD0720600B8117D /* Debug */ = {
			isa = XCBuildConfiguration;
			buildSettings = {
				ASSETCATALOG_COMPILER_APPICON_NAME = AppIcon;
				INFOPLIST_FILE = CFPrizeDemo/Info.plist;
				LD_RUNPATH_SEARCH_PATHS = "$(inherited) @executable_path/Frameworks";
				PRODUCT_BUNDLE_IDENTIFIER = CityFire.CFPrizeDemo;
				PRODUCT_NAME = "$(TARGET_NAME)";
			};
			name = Debug;
		};
		04DDEDD11DD0720600B8117D /* Release */ = {
			isa = XCBuildConfiguration;
			buildSettings = {
				ASSETCATALOG_COMPILER_APPICON_NAME = AppIcon;
				INFOPLIST_FILE = CFPrizeDemo/Info.plist;
				LD_RUNPATH_SEARCH_PATHS = "$(inherited) @executable_path/Frameworks";
				PRODUCT_BUNDLE_IDENTIFIER = CityFire.CFPrizeDemo;
				PRODUCT_NAME = "$(TARGET_NAME)";
			};
			name = Release;
		};
		04DDEDD31DD0720600B8117D /* Debug */ = {
			isa = XCBuildConfiguration;
			buildSettings = {
				INFOPLIST_FILE = CFPrizeDemoUITests/Info.plist;
				LD_RUNPATH_SEARCH_PATHS = "$(inherited) @executable_path/Frameworks @loader_path/Frameworks";
				PRODUCT_BUNDLE_IDENTIFIER = CityFire.CFPrizeDemoUITests;
				PRODUCT_NAME = "$(TARGET_NAME)";
				TEST_TARGET_NAME = CFPrizeDemo;
			};
			name = Debug;
		};
		04DDEDD41DD0720600B8117D /* Release */ = {
			isa = XCBuildConfiguration;
			buildSettings = {
				INFOPLIST_FILE = CFPrizeDemoUITests/Info.plist;
				LD_RUNPATH_SEARCH_PATHS = "$(inherited) @executable_path/Frameworks @loader_path/Frameworks";
				PRODUCT_BUNDLE_IDENTIFIER = CityFire.CFPrizeDemoUITests;
				PRODUCT_NAME = "$(TARGET_NAME)";
				TEST_TARGET_NAME = CFPrizeDemo;
			};
			name = Release;
		};
/* End XCBuildConfiguration section */

/* Begin XCConfigurationList section */
		04DDEDA81DD0720600B8117D /* Build configuration list for PBXProject "CFPrizeDemo" */ = {
			isa = XCConfigurationList;
			buildConfigurations = (
				04DDEDCD1DD0720600B8117D /* Debug */,
				04DDEDCE1DD0720600B8117D /* Release */,
			);
			defaultConfigurationIsVisible = 0;
			defaultConfigurationName = Release;
		};
		04DDEDCF1DD0720600B8117D /* Build configuration list for PBXNativeTarget "CFPrizeDemo" */ = {
			isa = XCConfigurationList;
			buildConfigurations = (
				04DDEDD01DD0720600B8117D /* Debug */,
				04DDEDD11DD0720600B8117D /* Release */,
			);
			defaultConfigurationIsVisible = 0;
		};
		04DDEDD21DD0720600B8117D /* Build configuration list for PBXNativeTarget "CFPrizeDemoUITests" */ = {
			isa = XCConfigurationList;
			buildConfigurations = (
				04DDEDD31DD0720600B8117D /* Debug */,
				04DDEDD41DD0720600B8117D /* Release */,
			);
			defaultConfigurationIsVisible = 0;
		};
/* End XCConfigurationList section */
	};
	rootObject = 04DDEDA51DD0720600B8117D /* Project object */;
}
